
Microsoft Visual Studio Solution File, Format Version 12.00
# Visual Studio Version 17
VisualStudioVersion = 17.5.33414.496
MinimumVisualStudioVersion = 10.0.40219.1
Project("{FAE04EC0-301F-11D3-BF4B-00C04F79EFBC}") = "Trabajo02", "Trabajo02\Trabajo02.csproj", "{19AD0307-E8BF-4902-877C-B8B01C2695C7}"
EndProject
Global
	GlobalSection(SolutionConfigurationPlatforms) = preSolution
		Debug|Any CPU = Debug|Any CPU
		Release|Any CPU = Release|Any CPU
	EndGlobalSection
	GlobalSection(ProjectConfigurationPlatforms) = postSolution
		{19AD0307-E8BF-4902-877C-B8B01C2695C7}.Debug|Any CPU.ActiveCfg = Debug|Any CPU
		{19AD0307-E8BF-4902-877C-B8B01C2695C7}.Debug|Any CPU.Build.0 = Debug|Any CPU
		{19AD0307-E8BF-4902-877C-B8B01C2695C7}.Release|Any CPU.ActiveCfg = Release|Any CPU
		{19AD0307-E8BF-4902-877C-B8B01C2695C7}.Release|Any CPU.Build.0 = Release|Any CPU
	EndGlobalSection
	GlobalSection(SolutionProperties) = preSolution
		HideSolutionNode = FALSE
	EndGlobalSection
	GlobalSection(ExtensibilityGlobals) = postSolution
		SolutionGuid = {AD1308B1-6C51-4DCE-B3D7-FAFFF844F602}
	EndGlobalSection
EndGlobal
